
Microsoft Visual Studio Solution File, Format Version 12.00
# Visual Studio 15
VisualStudioVersion = 15.0.27004.2002
MinimumVisualStudioVersion = 10.0.40219.1
Project("{FAE04EC0-301F-11D3-BF4B-00C04F79EFBC}") = "Yurt Kayıt Program", "Yurt Kayıt Program\Yurt Kayıt Program.csproj", "{255FBEDC-6BF3-4DB7-9525-10351F41B136}"
EndProject
Global
	GlobalSection(SolutionConfigurationPlatforms) = preSolution
		Debug|Any CPU = Debug|Any CPU
		Release|Any CPU = Release|Any CPU
	EndGlobalSection
	GlobalSection(ProjectConfigurationPlatforms) = postSolution
		{255FBEDC-6BF3-4DB7-9525-10351F41B136}.Debug|Any CPU.ActiveCfg = Debug|Any CPU
		{255FBEDC-6BF3-4DB7-9525-10351F41B136}.Debug|Any CPU.Build.0 = Debug|Any CPU
		{255FBEDC-6BF3-4DB7-9525-10351F41B136}.Release|Any CPU.ActiveCfg = Release|Any CPU
		{255FBEDC-6BF3-4DB7-9525-10351F41B136}.Release|Any CPU.Build.0 = Release|Any CPU
	EndGlobalSection
	GlobalSection(SolutionProperties) = preSolution
		HideSolutionNode = FALSE
	EndGlobalSection
	GlobalSection(ExtensibilityGlobals) = postSolution
		SolutionGuid = {F1B43734-D334-49BD-97CE-D024D59B52FE}
	EndGlobalSection
EndGlobal
